
Microsoft Visual Studio Solution File, Format Version 12.00
# Visual Studio Version 17
VisualStudioVersion = 17.14.36518.9 d17.14
MinimumVisualStudioVersion = 10.0.40219.1
Project("{FAE04EC0-301F-11D3-BF4B-00C04F79EFBC}") = "QLKhoaHocONL", "QLKhoaHocONL\QLKhoaHocONL.csproj", "{86F94503-9FA9-4496-96A1-9AF989B587A6}"
EndProject
Global
	GlobalSection(SolutionConfigurationPlatforms) = preSolution
		Debug|Any CPU = Debug|Any CPU
		Release|Any CPU = Release|Any CPU
	EndGlobalSection
	GlobalSection(ProjectConfigurationPlatforms) = postSolution
		{86F94503-9FA9-4496-96A1-9AF989B587A6}.Debug|Any CPU.ActiveCfg = Debug|Any CPU
		{86F94503-9FA9-4496-96A1-9AF989B587A6}.Debug|Any CPU.Build.0 = Debug|Any CPU
		{86F94503-9FA9-4496-96A1-9AF989B587A6}.Release|Any CPU.ActiveCfg = Release|Any CPU
		{86F94503-9FA9-4496-96A1-9AF989B587A6}.Release|Any CPU.Build.0 = Release|Any CPU
	EndGlobalSection
	GlobalSection(SolutionProperties) = preSolution
		HideSolutionNode = FALSE
	EndGlobalSection
	GlobalSection(ExtensibilityGlobals) = postSolution
		SolutionGuid = {C37B97A3-4C30-4C6B-B22F-D59786EE0312}
	EndGlobalSection
EndGlobal
